
Microsoft Visual Studio Solution File, Format Version 12.00
# Visual Studio Version 16
VisualStudioVersion = 16.0.31005.135
MinimumVisualStudioVersion = 10.0.40219.1
Project("{8BC9CEB8-8B4A-11D0-8D11-00A0C91BC942}") = "ADT_Matrix", "ADT_Matrix\Matrix.vcxproj", "{34538D4C-C35F-446A-90C0-24BA29F3A1B1}"
EndProject
Project("{8BC9CEB8-8B4A-11D0-8D11-00A0C91BC942}") = "ADT_Matrix_Testing", "ADT_Matrix_Testing\Matrix_Testing.vcxproj", "{B428FE82-79D5-44C4-AFD6-28EDA6B481D8}"
EndProject
Global
	GlobalSection(SolutionConfigurationPlatforms) = preSolution
		Debug|x64 = Debug|x64
		Debug|x86 = Debug|x86
		Release|x64 = Release|x64
		Release|x86 = Release|x86
	EndGlobalSection
	GlobalSection(ProjectConfigurationPlatforms) = postSolution
		{34538D4C-C35F-446A-90C0-24BA29F3A1B1}.Debug|x64.ActiveCfg = Debug|x64
		{34538D4C-C35F-446A-90C0-24BA29F3A1B1}.Debug|x64.Build.0 = Debug|x64
		{34538D4C-C35F-446A-90C0-24BA29F3A1B1}.Debug|x86.ActiveCfg = Debug|Win32
		{34538D4C-C35F-446A-90C0-24BA29F3A1B1}.Debug|x86.Build.0 = Debug|Win32
		{34538D4C-C35F-446A-90C0-24BA29F3A1B1}.Release|x64.ActiveCfg = Release|x64
		{34538D4C-C35F-446A-90C0-24BA29F3A1B1}.Release|x64.Build.0 = Release|x64
		{34538D4C-C35F-446A-90C0-24BA29F3A1B1}.Release|x86.ActiveCfg = Release|Win32
		{34538D4C-C35F-446A-90C0-24BA29F3A1B1}.Release|x86.Build.0 = Release|Win32
		{B428FE82-79D5-44C4-AFD6-28EDA6B481D8}.Debug|x64.ActiveCfg = Debug|x64
		{B428FE82-79D5-44C4-AFD6-28EDA6B481D8}.Debug|x64.Build.0 = Debug|x64
		{B428FE82-79D5-44C4-AFD6-28EDA6B481D8}.Debug|x86.ActiveCfg = Debug|Win32
		{B428FE82-79D5-44C4-AFD6-28EDA6B481D8}.Debug|x86.Build.0 = Debug|Win32
		{B428FE82-79D5-44C4-AFD6-28EDA6B481D8}.Release|x64.ActiveCfg = Release|x64
		{B428FE82-79D5-44C4-AFD6-28EDA6B481D8}.Release|x64.Build.0 = Release|x64
		{B428FE82-79D5-44C4-AFD6-28EDA6B481D8}.Release|x86.ActiveCfg = Release|Win32
		{B428FE82-79D5-44C4-AFD6-28EDA6B481D8}.Release|x86.Build.0 = Release|Win32
	EndGlobalSection
	GlobalSection(SolutionProperties) = preSolution
		HideSolutionNode = FALSE
	EndGlobalSection
	GlobalSection(ExtensibilityGlobals) = postSolution
		SolutionGuid = {9B4ECDB1-D75C-45B1-9F98-060ED80B582D}
	EndGlobalSection
EndGlobal
